
Microsoft Visual Studio Solution File, Format Version 12.00
# Visual Studio Version 17
VisualStudioVersion = 17.9.34902.65
MinimumVisualStudioVersion = 10.0.40219.1
Project("{2150E333-8FDC-42A3-9474-1A3956D46DE8}") = "Core", "Core", "{EA158350-E0D0-41D6-8F40-B98B5CB29A85}"
EndProject
Project("{2150E333-8FDC-42A3-9474-1A3956D46DE8}") = "Infrastructure", "Infrastructure", "{9442DD9A-E860-4603-A9DE-A2EF59306685}"
EndProject
Project("{9A19103F-16F7-4668-BE54-9A1E7A4F7556}") = "ECommerceAPI.Application", "Core\ECommerceAPI.Application\ECommerceAPI.Application.csproj", "{843D53D0-6C56-465E-A3DA-57A215317BA2}"
EndProject
Project("{9A19103F-16F7-4668-BE54-9A1E7A4F7556}") = "ECommerceAPI.Domain", "Core\ECommerceAPI.Domain\ECommerceAPI.Domain.csproj", "{DC2DFADA-3544-46B4-BC5B-5755B77E34B8}"
EndProject
Project("{9A19103F-16F7-4668-BE54-9A1E7A4F7556}") = "ECommerceAPI.Infrastructure", "Infrastructure\ECommerceAPI.Infrastructure\ECommerceAPI.Infrastructure.csproj", "{AEF6D5D1-E2BD-4DFB-82D7-5C34CBC20154}"
EndProject
Project("{2150E333-8FDC-42A3-9474-1A3956D46DE8}") = "Presentation", "Presentation", "{FCE12F0D-7D9A-40F0-A80E-469B37E438A8}"
EndProject
Project("{9A19103F-16F7-4668-BE54-9A1E7A4F7556}") = "ECommerceAPI.API", "Presentation\ECommerceAPI.API\ECommerceAPI.API.csproj", "{3640BC49-301F-445E-9F7E-E5B5C6638FB5}"
EndProject
Project("{9A19103F-16F7-4668-BE54-9A1E7A4F7556}") = "ECommerceAPI.Persistence", "Infrastructure\ECommerceAPI.Persistence\ECommerceAPI.Persistence.csproj", "{3DC7D4A0-F879-484D-A6CC-B966DEE519A2}"
EndProject
Global
	GlobalSection(SolutionConfigurationPlatforms) = preSolution
		Debug|Any CPU = Debug|Any CPU
		Release|Any CPU = Release|Any CPU
	EndGlobalSection
	GlobalSection(ProjectConfigurationPlatforms) = postSolution
		{843D53D0-6C56-465E-A3DA-57A215317BA2}.Debug|Any CPU.ActiveCfg = Debug|Any CPU
		{843D53D0-6C56-465E-A3DA-57A215317BA2}.Debug|Any CPU.Build.0 = Debug|Any CPU
		{843D53D0-6C56-465E-A3DA-57A215317BA2}.Release|Any CPU.ActiveCfg = Release|Any CPU
		{843D53D0-6C56-465E-A3DA-57A215317BA2}.Release|Any CPU.Build.0 = Release|Any CPU
		{DC2DFADA-3544-46B4-BC5B-5755B77E34B8}.Debug|Any CPU.ActiveCfg = Debug|Any CPU
		{DC2DFADA-3544-46B4-BC5B-5755B77E34B8}.Debug|Any CPU.Build.0 = Debug|Any CPU
		{DC2DFADA-3544-46B4-BC5B-5755B77E34B8}.Release|Any CPU.ActiveCfg = Release|Any CPU
		{DC2DFADA-3544-46B4-BC5B-5755B77E34B8}.Release|Any CPU.Build.0 = Release|Any CPU
		{AEF6D5D1-E2BD-4DFB-82D7-5C34CBC20154}.Debug|Any CPU.ActiveCfg = Debug|Any CPU
		{AEF6D5D1-E2BD-4DFB-82D7-5C34CBC20154}.Debug|Any CPU.Build.0 = Debug|Any CPU
		{AEF6D5D1-E2BD-4DFB-82D7-5C34CBC20154}.Release|Any CPU.ActiveCfg = Release|Any CPU
		{AEF6D5D1-E2BD-4DFB-82D7-5C34CBC20154}.Release|Any CPU.Build.0 = Release|Any CPU
		{3640BC49-301F-445E-9F7E-E5B5C6638FB5}.Debug|Any CPU.ActiveCfg = Debug|Any CPU
		{3640BC49-301F-445E-9F7E-E5B5C6638FB5}.Debug|Any CPU.Build.0 = Debug|Any CPU
		{3640BC49-301F-445E-9F7E-E5B5C6638FB5}.Release|Any CPU.ActiveCfg = Release|Any CPU
		{3640BC49-301F-445E-9F7E-E5B5C6638FB5}.Release|Any CPU.Build.0 = Release|Any CPU
		{3DC7D4A0-F879-484D-A6CC-B966DEE519A2}.Debug|Any CPU.ActiveCfg = Debug|Any CPU
		{3DC7D4A0-F879-484D-A6CC-B966DEE519A2}.Debug|Any CPU.Build.0 = Debug|Any CPU
		{3DC7D4A0-F879-484D-A6CC-B966DEE519A2}.Release|Any CPU.ActiveCfg = Release|Any CPU
		{3DC7D4A0-F879-484D-A6CC-B966DEE519A2}.Release|Any CPU.Build.0 = Release|Any CPU
	EndGlobalSection
	GlobalSection(SolutionProperties) = preSolution
		HideSolutionNode = FALSE
	EndGlobalSection
	GlobalSection(NestedProjects) = preSolution
		{843D53D0-6C56-465E-A3DA-57A215317BA2} = {EA158350-E0D0-41D6-8F40-B98B5CB29A85}
		{DC2DFADA-3544-46B4-BC5B-5755B77E34B8} = {EA158350-E0D0-41D6-8F40-B98B5CB29A85}
		{AEF6D5D1-E2BD-4DFB-82D7-5C34CBC20154} = {9442DD9A-E860-4603-A9DE-A2EF59306685}
		{3640BC49-301F-445E-9F7E-E5B5C6638FB5} = {FCE12F0D-7D9A-40F0-A80E-469B37E438A8}
		{3DC7D4A0-F879-484D-A6CC-B966DEE519A2} = {9442DD9A-E860-4603-A9DE-A2EF59306685}
	EndGlobalSection
	GlobalSection(ExtensibilityGlobals) = postSolution
		SolutionGuid = {560F2457-4FDF-402C-AA82-DD313D75AFAD}
	EndGlobalSection
EndGlobal
